
Microsoft Visual Studio Solution File, Format Version 12.00
# Visual Studio Version 17
VisualStudioVersion = 17.8.34408.163
MinimumVisualStudioVersion = 10.0.40219.1
Project("{FAE04EC0-301F-11D3-BF4B-00C04F79EFBC}") = "modul10_1302223070", "modul10_1302223070\modul10_1302223070.csproj", "{EAC9F472-8E9F-4D6C-BD75-67F64A657BC2}"
EndProject
Global
	GlobalSection(SolutionConfigurationPlatforms) = preSolution
		Debug|Any CPU = Debug|Any CPU
		Release|Any CPU = Release|Any CPU
	EndGlobalSection
	GlobalSection(ProjectConfigurationPlatforms) = postSolution
		{EAC9F472-8E9F-4D6C-BD75-67F64A657BC2}.Debug|Any CPU.ActiveCfg = Debug|Any CPU
		{EAC9F472-8E9F-4D6C-BD75-67F64A657BC2}.Debug|Any CPU.Build.0 = Debug|Any CPU
		{EAC9F472-8E9F-4D6C-BD75-67F64A657BC2}.Release|Any CPU.ActiveCfg = Release|Any CPU
		{EAC9F472-8E9F-4D6C-BD75-67F64A657BC2}.Release|Any CPU.Build.0 = Release|Any CPU
	EndGlobalSection
	GlobalSection(SolutionProperties) = preSolution
		HideSolutionNode = FALSE
	EndGlobalSection
	GlobalSection(ExtensibilityGlobals) = postSolution
		SolutionGuid = {805CB102-46D2-4FB1-A161-D90FA73FF58B}
	EndGlobalSection
EndGlobal
